
Microsoft Visual Studio Solution File, Format Version 12.00
# Visual Studio Version 16
VisualStudioVersion = 16.0.31321.278
MinimumVisualStudioVersion = 10.0.40219.1
Project("{FAE04EC0-301F-11D3-BF4B-00C04F79EFBC}") = "WcfServiceFactura", "WcfServiceFactura.csproj", "{57A18F51-C652-430E-A115-9BC806160173}"
EndProject
Global
	GlobalSection(SolutionConfigurationPlatforms) = preSolution
		Debug|Any CPU = Debug|Any CPU
		Release|Any CPU = Release|Any CPU
	EndGlobalSection
	GlobalSection(ProjectConfigurationPlatforms) = postSolution
		{57A18F51-C652-430E-A115-9BC806160173}.Debug|Any CPU.ActiveCfg = Debug|Any CPU
		{57A18F51-C652-430E-A115-9BC806160173}.Debug|Any CPU.Build.0 = Debug|Any CPU
		{57A18F51-C652-430E-A115-9BC806160173}.Release|Any CPU.ActiveCfg = Release|Any CPU
		{57A18F51-C652-430E-A115-9BC806160173}.Release|Any CPU.Build.0 = Release|Any CPU
	EndGlobalSection
	GlobalSection(SolutionProperties) = preSolution
		HideSolutionNode = FALSE
	EndGlobalSection
	GlobalSection(ExtensibilityGlobals) = postSolution
		SolutionGuid = {FC55EA8B-7155-4AF2-BB5D-9D0BEFBC82BB}
	EndGlobalSection
EndGlobal
